
Microsoft Visual Studio Solution File, Format Version 12.00
# Visual Studio Version 17
VisualStudioVersion = 17.6.33815.320
MinimumVisualStudioVersion = 10.0.40219.1
Project("{FAE04EC0-301F-11D3-BF4B-00C04F79EFBC}") = "DependencyInjectionContainerLab", "DependencyInjectionContainerLab.csproj", "{E2A4372A-BB37-425D-802B-088F4DDF045A}"
EndProject
Global
	GlobalSection(SolutionConfigurationPlatforms) = preSolution
		Debug|Any CPU = Debug|Any CPU
		Release|Any CPU = Release|Any CPU
	EndGlobalSection
	GlobalSection(ProjectConfigurationPlatforms) = postSolution
		{E2A4372A-BB37-425D-802B-088F4DDF045A}.Debug|Any CPU.ActiveCfg = Debug|Any CPU
		{E2A4372A-BB37-425D-802B-088F4DDF045A}.Debug|Any CPU.Build.0 = Debug|Any CPU
		{E2A4372A-BB37-425D-802B-088F4DDF045A}.Release|Any CPU.ActiveCfg = Release|Any CPU
		{E2A4372A-BB37-425D-802B-088F4DDF045A}.Release|Any CPU.Build.0 = Release|Any CPU
	EndGlobalSection
	GlobalSection(SolutionProperties) = preSolution
		HideSolutionNode = FALSE
	EndGlobalSection
	GlobalSection(ExtensibilityGlobals) = postSolution
		SolutionGuid = {F0F78811-1BA2-44B2-9126-3BE7979043EF}
	EndGlobalSection
EndGlobal
